
Microsoft Visual Studio Solution File, Format Version 12.00
# Visual Studio Version 17
VisualStudioVersion = 17.0.32126.317
MinimumVisualStudioVersion = 10.0.40219.1
Project("{FAE04EC0-301F-11D3-BF4B-00C04F79EFBC}") = "Store", "Store\Store.csproj", "{F926CE4F-137E-47A2-AB61-D07F0A866C51}"
EndProject
Global
	GlobalSection(SolutionConfigurationPlatforms) = preSolution
		Debug|Any CPU = Debug|Any CPU
		Release|Any CPU = Release|Any CPU
	EndGlobalSection
	GlobalSection(ProjectConfigurationPlatforms) = postSolution
		{F926CE4F-137E-47A2-AB61-D07F0A866C51}.Debug|Any CPU.ActiveCfg = Debug|Any CPU
		{F926CE4F-137E-47A2-AB61-D07F0A866C51}.Debug|Any CPU.Build.0 = Debug|Any CPU
		{F926CE4F-137E-47A2-AB61-D07F0A866C51}.Release|Any CPU.ActiveCfg = Release|Any CPU
		{F926CE4F-137E-47A2-AB61-D07F0A866C51}.Release|Any CPU.Build.0 = Release|Any CPU
	EndGlobalSection
	GlobalSection(SolutionProperties) = preSolution
		HideSolutionNode = FALSE
	EndGlobalSection
	GlobalSection(ExtensibilityGlobals) = postSolution
		SolutionGuid = {1143E5D2-C850-4999-B393-3A808F436CEC}
	EndGlobalSection
EndGlobal
